{
  "pins" : [
    {
      "identity" : "animatedicons",
      "kind" : "remoteSourceControl",
      "location" : "https://github.com/g-celentano/AnimatedIcons",
      "state" : {
        "branch" : "main",
        "revision" : "8a84e9f48c7437842981faec8c0c60ba3ccc3c85"
      }
    }
  ],
  "version" : 2
}
