{
  "pins" : [
    {
      "identity" : "animatedicons",
      "kind" : "remoteSourceControl",
      "location" : "https://github.com/g-celentano/AnimatedIcons",
      "state" : {
        "branch" : "main",
        "revision" : "c675eeb2b311841b7b90d40e01f1656d3a6b2ceb"
      }
    }
  ],
  "version" : 2
}
