{
  "pins" : [
    {
      "identity" : "animatedicons",
      "kind" : "remoteSourceControl",
      "location" : "https://github.com/g-celentano/AnimatedIcons",
      "state" : {
        "branch" : "main",
        "revision" : "1848e8d61a305497048df34fc9090040c14f4bfb"
      }
    }
  ],
  "version" : 2
}
